{
  "name": "egressmap",
  "version": "0.1.0",
  "lockfileVersion": 3,
  "requires": true,
  "packages": {
    "": {
      "name": "egressmap",
      "version": "0.1.0",
      "license": "MIT",
      "dependencies": {
        "mmdb-lib": "3.0.3"
      },
      "bin": {
        "egressmap": "bin/egressmap.js"
      },
      "engines": {
        "node": ">=20"
      }
    },
    "node_modules/mmdb-lib": {
      "version": "3.0.3",
      "resolved": "https://registry.npmjs.org/mmdb-lib/-/mmdb-lib-3.0.3.tgz",
      "integrity": "sha512-xQPoBXcNjjHiOvOraFBKtA++uNWF6aCVHL9dRKFXEov8eI3QJwtgiw3qApsonFT5SpoqsEVISUTg3HIDs2DiXw==",
      "license": "MIT",
      "engines": {
        "node": ">=10",
        "npm": ">=6"
      }
    }
  }
}
